
Microsoft Visual Studio Solution File, Format Version 12.00
# Visual Studio Version 16
VisualStudioVersion = 16.0.34601.136
MinimumVisualStudioVersion = 10.0.40219.1
Project("{8BC9CEB8-8B4A-11D0-8D11-00A0C91BC942}") = "ex1 duplamente encadeada", "ex1 duplamente encadeada.vcxproj", "{FB7EF9FE-3285-4305-B12E-8AE41D170A36}"
EndProject
Global
	GlobalSection(SolutionConfigurationPlatforms) = preSolution
		Debug|x64 = Debug|x64
		Debug|x86 = Debug|x86
		Release|x64 = Release|x64
		Release|x86 = Release|x86
	EndGlobalSection
	GlobalSection(ProjectConfigurationPlatforms) = postSolution
		{FB7EF9FE-3285-4305-B12E-8AE41D170A36}.Debug|x64.ActiveCfg = Debug|x64
		{FB7EF9FE-3285-4305-B12E-8AE41D170A36}.Debug|x64.Build.0 = Debug|x64
		{FB7EF9FE-3285-4305-B12E-8AE41D170A36}.Debug|x86.ActiveCfg = Debug|Win32
		{FB7EF9FE-3285-4305-B12E-8AE41D170A36}.Debug|x86.Build.0 = Debug|Win32
		{FB7EF9FE-3285-4305-B12E-8AE41D170A36}.Release|x64.ActiveCfg = Release|x64
		{FB7EF9FE-3285-4305-B12E-8AE41D170A36}.Release|x64.Build.0 = Release|x64
		{FB7EF9FE-3285-4305-B12E-8AE41D170A36}.Release|x86.ActiveCfg = Release|Win32
		{FB7EF9FE-3285-4305-B12E-8AE41D170A36}.Release|x86.Build.0 = Release|Win32
	EndGlobalSection
	GlobalSection(SolutionProperties) = preSolution
		HideSolutionNode = FALSE
	EndGlobalSection
	GlobalSection(ExtensibilityGlobals) = postSolution
		SolutionGuid = {9CB9CDC3-1F84-4661-B0A7-9D70FE3EBC45}
	EndGlobalSection
EndGlobal
